<?xml version="1.0" encoding="utf-8"?>
<Project ToolsVersion="4.0" xmlns="http://schemas.microsoft.com/developer/msbuild/2003">
  <ItemGroup>
    <Filter Include="Исходные файлы">
      <UniqueIdentifier>{4FC737F1-C7A5-4376-A066-2A32D752A2FF}</UniqueIdentifier>
      <Extensions>cpp;c;cc;cxx;def;odl;idl;hpj;bat;asm;asmx</Extensions>
    </Filter>
    <Filter Include="Файлы заголовков">
      <UniqueIdentifier>{93995380-89BD-4b04-88EB-625FBE52EBFB}</UniqueIdentifier>
      <Extensions>h;hh;hpp;hxx;hm;inl;inc;ipp;xsd</Extensions>
    </Filter>
    <Filter Include="Файлы ресурсов">
      <UniqueIdentifier>{67DA6AB6-F800-4c08-8B7A-83BB121AAD01}</UniqueIdentifier>
      <Extensions>rc;ico;cur;bmp;dlg;rc2;rct;bin;rgs;gif;jpg;jpeg;jpe;resx;tiff;tif;png;wav;mfcribbon-ms</Extensions>
    </Filter>
    <Filter Include="States">
      <UniqueIdentifier>{3e03a297-2eba-4308-b045-a111da899db5}</UniqueIdentifier>
    </Filter>
    <Filter Include="Entity">
      <UniqueIdentifier>{9c1502ab-6fba-4a78-834f-a40446a56f34}</UniqueIdentifier>
    </Filter>
    <Filter Include="Managers">
      <UniqueIdentifier>{26286bcd-e3b5-4d11-b92c-cd7c7e41fd28}</UniqueIdentifier>
    </Filter>
    <Filter Include="Managers\Images">
      <UniqueIdentifier>{124056fc-6087-45fc-b04a-8d2da53567b5}</UniqueIdentifier>
    </Filter>
    <Filter Include="Managers\Entities">
      <UniqueIdentifier>{dac9a231-9615-497d-9c13-e1674c84ddcf}</UniqueIdentifier>
    </Filter>
    <Filter Include="Managers\Sounds">
      <UniqueIdentifier>{87105ed3-2ff8-4dff-82c9-1bc1122733b0}</UniqueIdentifier>
    </Filter>
    <Filter Include="Camera">
      <UniqueIdentifier>{17f31aa4-d615-421f-950b-04fdd8cbe5f0}</UniqueIdentifier>
    </Filter>
    <Filter Include="Player And NPC%27s">
      <UniqueIdentifier>{ce9dcdcc-c527-4f49-9f6e-effd6402d564}</UniqueIdentifier>
    </Filter>
    <Filter Include="Control">
      <UniqueIdentifier>{b62d178d-e0ec-44c8-b043-8e7972f01d88}</UniqueIdentifier>
    </Filter>
  </ItemGroup>
  <ItemGroup>
    <ClCompile Include="main.cpp">
      <Filter>Исходные файлы</Filter>
    </ClCompile>
    <ClCompile Include="Game.cpp">
      <Filter>Исходные файлы</Filter>
    </ClCompile>
    <ClCompile Include="MenuState.cpp">
      <Filter>States</Filter>
    </ClCompile>
    <ClCompile Include="PauseState.cpp">
      <Filter>States</Filter>
    </ClCompile>
    <ClCompile Include="PlayState.cpp">
      <Filter>States</Filter>
    </ClCompile>
    <ClCompile Include="tinyxml2.cpp">
      <Filter>Исходные файлы</Filter>
    </ClCompile>
    <ClCompile Include="SpriteCreator.cpp">
      <Filter>Managers\Images</Filter>
    </ClCompile>
    <ClCompile Include="SpriteManager.cpp">
      <Filter>Managers\Images</Filter>
    </ClCompile>
    <ClCompile Include="TextureManager.cpp">
      <Filter>Managers\Images</Filter>
    </ClCompile>
    <ClCompile Include="Camera.cpp">
      <Filter>Camera</Filter>
    </ClCompile>
    <ClCompile Include="Player.cpp">
      <Filter>Player And NPC%27s</Filter>
    </ClCompile>
    <ClCompile Include="Entity.cpp">
      <Filter>Entity</Filter>
    </ClCompile>
    <ClCompile Include="EntityManager.cpp">
      <Filter>Managers\Entities</Filter>
    </ClCompile>
    <ClCompile Include="LoadingScreen.cpp">
      <Filter>Исходные файлы</Filter>
    </ClCompile>
    <ClCompile Include="TmxLevel.cpp">
      <Filter>Исходные файлы</Filter>
    </ClCompile>
    <ClCompile Include="Control.cpp">
      <Filter>Control</Filter>
    </ClCompile>
  </ItemGroup>
  <ItemGroup>
    <ClInclude Include="Game.h">
      <Filter>Файлы заголовков</Filter>
    </ClInclude>
    <ClInclude Include="GameState.h">
      <Filter>States</Filter>
    </ClInclude>
    <ClInclude Include="MenuState.h">
      <Filter>States</Filter>
    </ClInclude>
    <ClInclude Include="PauseState.h">
      <Filter>States</Filter>
    </ClInclude>
    <ClInclude Include="PlayState.h">
      <Filter>States</Filter>
    </ClInclude>
    <ClInclude Include="States.h">
      <Filter>States</Filter>
    </ClInclude>
    <ClInclude Include="Entity.h">
      <Filter>Entity</Filter>
    </ClInclude>
    <ClInclude Include="tinyxml2.h">
      <Filter>Файлы заголовков</Filter>
    </ClInclude>
    <ClInclude Include="SpriteCreator.h">
      <Filter>Managers\Images</Filter>
    </ClInclude>
    <ClInclude Include="SpriteManager.h">
      <Filter>Managers\Images</Filter>
    </ClInclude>
    <ClInclude Include="TextureManager.h">
      <Filter>Managers\Images</Filter>
    </ClInclude>
    <ClInclude Include="Camera.h">
      <Filter>Camera</Filter>
    </ClInclude>
    <ClInclude Include="Player.h">
      <Filter>Player And NPC%27s</Filter>
    </ClInclude>
    <ClInclude Include="EntityManager.h">
      <Filter>Managers\Entities</Filter>
    </ClInclude>
    <ClInclude Include="WorldContainer.h">
      <Filter>Файлы заголовков</Filter>
    </ClInclude>
    <ClInclude Include="LoadingScreen.h">
      <Filter>Файлы заголовков</Filter>
    </ClInclude>
    <ClInclude Include="TmxLevel.h">
      <Filter>Файлы заголовков</Filter>
    </ClInclude>
    <ClInclude Include="Control.h">
      <Filter>Control</Filter>
    </ClInclude>
  </ItemGroup>
</Project>